
Microsoft Visual Studio Solution File, Format Version 12.00
# Visual Studio 15
VisualStudioVersion = 15.0.28010.2026
MinimumVisualStudioVersion = 10.0.40219.1
Project("{FAE04EC0-301F-11D3-BF4B-00C04F79EFBC}") = "POS", "105590030_Hw1\POS.csproj", "{F63DBB83-3D21-40EE-B656-E31095795E2B}"
EndProject
Project("{FAE04EC0-301F-11D3-BF4B-00C04F79EFBC}") = "DataGridViewNumericUpDownElements", "DataGridViewNumericUpDownElements\DataGridViewNumericUpDownElements.csproj", "{82B50731-BE90-433F-BB6E-9B509C5F3B7C}"
EndProject
Project("{FAE04EC0-301F-11D3-BF4B-00C04F79EFBC}") = "POSTests", "POSTests\POSTests.csproj", "{D4793332-2664-44BA-8583-EC6DB093EF7F}"
EndProject
Global
	GlobalSection(SolutionConfigurationPlatforms) = preSolution
		Debug|Any CPU = Debug|Any CPU
		Release|Any CPU = Release|Any CPU
	EndGlobalSection
	GlobalSection(ProjectConfigurationPlatforms) = postSolution
		{F63DBB83-3D21-40EE-B656-E31095795E2B}.Debug|Any CPU.ActiveCfg = Debug|Any CPU
		{F63DBB83-3D21-40EE-B656-E31095795E2B}.Debug|Any CPU.Build.0 = Debug|Any CPU
		{F63DBB83-3D21-40EE-B656-E31095795E2B}.Release|Any CPU.ActiveCfg = Release|Any CPU
		{F63DBB83-3D21-40EE-B656-E31095795E2B}.Release|Any CPU.Build.0 = Release|Any CPU
		{82B50731-BE90-433F-BB6E-9B509C5F3B7C}.Debug|Any CPU.ActiveCfg = Debug|Any CPU
		{82B50731-BE90-433F-BB6E-9B509C5F3B7C}.Debug|Any CPU.Build.0 = Debug|Any CPU
		{82B50731-BE90-433F-BB6E-9B509C5F3B7C}.Release|Any CPU.ActiveCfg = Release|Any CPU
		{82B50731-BE90-433F-BB6E-9B509C5F3B7C}.Release|Any CPU.Build.0 = Release|Any CPU
		{D4793332-2664-44BA-8583-EC6DB093EF7F}.Debug|Any CPU.ActiveCfg = Debug|Any CPU
		{D4793332-2664-44BA-8583-EC6DB093EF7F}.Debug|Any CPU.Build.0 = Debug|Any CPU
		{D4793332-2664-44BA-8583-EC6DB093EF7F}.Release|Any CPU.ActiveCfg = Release|Any CPU
		{D4793332-2664-44BA-8583-EC6DB093EF7F}.Release|Any CPU.Build.0 = Release|Any CPU
	EndGlobalSection
	GlobalSection(SolutionProperties) = preSolution
		HideSolutionNode = FALSE
	EndGlobalSection
	GlobalSection(ExtensibilityGlobals) = postSolution
		SolutionGuid = {9909B966-4C18-4DF7-AB60-89EB89E07DD2}
	EndGlobalSection
EndGlobal
